
Microsoft Visual Studio Solution File, Format Version 12.00
# Visual Studio Version 16
VisualStudioVersion = 16.0.32106.194
MinimumVisualStudioVersion = 10.0.40219.1
Project("{FAE04EC0-301F-11D3-BF4B-00C04F79EFBC}") = "ConsoleApp7", "ConsoleApp7\ConsoleApp7.csproj", "{05E1946F-0263-4C27-B0C0-78AE2BBEC1D3}"
EndProject
Global
	GlobalSection(SolutionConfigurationPlatforms) = preSolution
		Debug|Any CPU = Debug|Any CPU
		Release|Any CPU = Release|Any CPU
	EndGlobalSection
	GlobalSection(ProjectConfigurationPlatforms) = postSolution
		{05E1946F-0263-4C27-B0C0-78AE2BBEC1D3}.Debug|Any CPU.ActiveCfg = Debug|Any CPU
		{05E1946F-0263-4C27-B0C0-78AE2BBEC1D3}.Debug|Any CPU.Build.0 = Debug|Any CPU
		{05E1946F-0263-4C27-B0C0-78AE2BBEC1D3}.Release|Any CPU.ActiveCfg = Release|Any CPU
		{05E1946F-0263-4C27-B0C0-78AE2BBEC1D3}.Release|Any CPU.Build.0 = Release|Any CPU
	EndGlobalSection
	GlobalSection(SolutionProperties) = preSolution
		HideSolutionNode = FALSE
	EndGlobalSection
	GlobalSection(ExtensibilityGlobals) = postSolution
		SolutionGuid = {46794C03-28C5-49A2-8D52-DB870CFC8A0F}
	EndGlobalSection
EndGlobal
